Microsoft Visual Studio Solution File, Format Version 12.00
# Visual Studio 2012
Project("{FAE04EC0-301F-11D3-BF4B-00C04F79EFBC}") = "metroid-rooms", "metroid-rooms.csproj", "{4E9EDB14-31DF-4057-8E11-C28615FACED0}"
EndProject
Global
	GlobalSection(SolutionConfigurationPlatforms) = preSolution
	Debug|Any CPU = Debug|Any CPU
	ExportDebug|Any CPU = ExportDebug|Any CPU
	ExportRelease|Any CPU = ExportRelease|Any CPU
	EndGlobalSection
	GlobalSection(ProjectConfigurationPlatforms) = postSolution
		{4E9EDB14-31DF-4057-8E11-C28615FACED0}.Debug|Any CPU.ActiveCfg = Debug|Any CPU
		{4E9EDB14-31DF-4057-8E11-C28615FACED0}.Debug|Any CPU.Build.0 = Debug|Any CPU
		{4E9EDB14-31DF-4057-8E11-C28615FACED0}.ExportDebug|Any CPU.ActiveCfg = ExportDebug|Any CPU
		{4E9EDB14-31DF-4057-8E11-C28615FACED0}.ExportDebug|Any CPU.Build.0 = ExportDebug|Any CPU
		{4E9EDB14-31DF-4057-8E11-C28615FACED0}.ExportRelease|Any CPU.ActiveCfg = ExportRelease|Any CPU
		{4E9EDB14-31DF-4057-8E11-C28615FACED0}.ExportRelease|Any CPU.Build.0 = ExportRelease|Any CPU
	EndGlobalSection
EndGlobal
